# This file is automatically @generated by Poetry 2.1.3 and should not be changed by hand.

[[package]]
name = "python-registry-test"
version = "0.1.0"
description = "A sample Python library for testing gitlab package registry"
optional = false
python-versions = ">=3.12"
groups = ["main"]
files = [
    {file = "python_registry_test-0.1.0-py3-none-any.whl", hash = "sha256:ca4fee8e4caa94a997a3cf8f8a5d1f20cf0a4b550c844c1b2ab4cb9c22091ac7"},
    {file = "python_registry_test-0.1.0.tar.gz", hash = "sha256:cf59969ee6ddd7f29079a84d74e29e0e36a59cf534f29ea79f24013525f670c4"},
]

[package.source]
type = "legacy"
url = "http://192.168.201.83:8088/api/v4/projects/465/packages/pypi/simple"
reference = "gitlab"

[metadata]
lock-version = "2.1"
python-versions = ">=3.12"
content-hash = "ce68d38625c67861d4e505284ed6eea81a9c7b9f6e3d269fb503acf7602f0576"
